
Microsoft Visual Studio Solution File, Format Version 12.00
# Visual Studio Version 17
VisualStudioVersion = 17.4.33213.308
MinimumVisualStudioVersion = 10.0.40219.1
Project("{FAE04EC0-301F-11D3-BF4B-00C04F79EFBC}") = "WindowsFormsApp1", "WindowsFormsApp1\WindowsFormsApp1.csproj", "{EF927D46-6EFF-4D47-85C9-C43879CFA1A8}"
EndProject
Global
	GlobalSection(SolutionConfigurationPlatforms) = preSolution
		Debug|Any CPU = Debug|Any CPU
		Release|Any CPU = Release|Any CPU
	EndGlobalSection
	GlobalSection(ProjectConfigurationPlatforms) = postSolution
		{EF927D46-6EFF-4D47-85C9-C43879CFA1A8}.Debug|Any CPU.ActiveCfg = Debug|Any CPU
		{EF927D46-6EFF-4D47-85C9-C43879CFA1A8}.Debug|Any CPU.Build.0 = Debug|Any CPU
		{EF927D46-6EFF-4D47-85C9-C43879CFA1A8}.Release|Any CPU.ActiveCfg = Release|Any CPU
		{EF927D46-6EFF-4D47-85C9-C43879CFA1A8}.Release|Any CPU.Build.0 = Release|Any CPU
	EndGlobalSection
	GlobalSection(SolutionProperties) = preSolution
		HideSolutionNode = FALSE
	EndGlobalSection
	GlobalSection(ExtensibilityGlobals) = postSolution
		SolutionGuid = {E657FC7E-F69D-4F9B-9E11-C572EE79DF55}
	EndGlobalSection
EndGlobal
